
Microsoft Visual Studio Solution File, Format Version 12.00
# Visual Studio Version 17
VisualStudioVersion = 17.10.35122.118
MinimumVisualStudioVersion = 10.0.40219.1
Project("{2150E333-8FDC-42A3-9474-1A3956D46DE8}") = "src", "src", "{C07EA580-E53B-4C72-87D2-A6AB003A28DA}"
EndProject
Project("{FAE04EC0-301F-11D3-BF4B-00C04F79EFBC}") = "Investment.API", "Investment.API\Investment.API.csproj", "{3F230D37-B947-4CA0-919B-FC4D5B7ADE57}"
EndProject
Project("{FAE04EC0-301F-11D3-BF4B-00C04F79EFBC}") = "Investment.Domain", "Investment.Domain\Investment.Domain.csproj", "{3E1B5527-4894-49D3-925D-7B2E663DD25F}"
EndProject
Project("{54A90642-561A-4BB1-A94E-469ADEE60C69}") = "Investment.Presentation", "Investment.Presentation\Investment.Presentation.esproj", "{D228B46D-9E47-4F10-A981-E7655CDAA621}"
EndProject
Project("{2150E333-8FDC-42A3-9474-1A3956D46DE8}") = "test", "test", "{4525A3BB-2891-4436-AE4C-B638C317ECD9}"
EndProject
Project("{FAE04EC0-301F-11D3-BF4B-00C04F79EFBC}") = "Investment.Domain.Test", "test\Investment.Domain.Test\Investment.Domain.Test.csproj", "{AA2EC7D6-BAD1-430D-9623-A4F58B85F6B7}"
EndProject
Global
	GlobalSection(SolutionConfigurationPlatforms) = preSolution
		Debug|Any CPU = Debug|Any CPU
		Release|Any CPU = Release|Any CPU
	EndGlobalSection
	GlobalSection(ProjectConfigurationPlatforms) = postSolution
		{3F230D37-B947-4CA0-919B-FC4D5B7ADE57}.Debug|Any CPU.ActiveCfg = Debug|Any CPU
		{3F230D37-B947-4CA0-919B-FC4D5B7ADE57}.Debug|Any CPU.Build.0 = Debug|Any CPU
		{3F230D37-B947-4CA0-919B-FC4D5B7ADE57}.Release|Any CPU.ActiveCfg = Release|Any CPU
		{3F230D37-B947-4CA0-919B-FC4D5B7ADE57}.Release|Any CPU.Build.0 = Release|Any CPU
		{3E1B5527-4894-49D3-925D-7B2E663DD25F}.Debug|Any CPU.ActiveCfg = Debug|Any CPU
		{3E1B5527-4894-49D3-925D-7B2E663DD25F}.Debug|Any CPU.Build.0 = Debug|Any CPU
		{3E1B5527-4894-49D3-925D-7B2E663DD25F}.Release|Any CPU.ActiveCfg = Release|Any CPU
		{3E1B5527-4894-49D3-925D-7B2E663DD25F}.Release|Any CPU.Build.0 = Release|Any CPU
		{D228B46D-9E47-4F10-A981-E7655CDAA621}.Debug|Any CPU.ActiveCfg = Debug|Any CPU
		{D228B46D-9E47-4F10-A981-E7655CDAA621}.Debug|Any CPU.Build.0 = Debug|Any CPU
		{D228B46D-9E47-4F10-A981-E7655CDAA621}.Debug|Any CPU.Deploy.0 = Debug|Any CPU
		{D228B46D-9E47-4F10-A981-E7655CDAA621}.Release|Any CPU.ActiveCfg = Release|Any CPU
		{D228B46D-9E47-4F10-A981-E7655CDAA621}.Release|Any CPU.Build.0 = Release|Any CPU
		{D228B46D-9E47-4F10-A981-E7655CDAA621}.Release|Any CPU.Deploy.0 = Release|Any CPU
		{AA2EC7D6-BAD1-430D-9623-A4F58B85F6B7}.Debug|Any CPU.ActiveCfg = Debug|Any CPU
		{AA2EC7D6-BAD1-430D-9623-A4F58B85F6B7}.Debug|Any CPU.Build.0 = Debug|Any CPU
		{AA2EC7D6-BAD1-430D-9623-A4F58B85F6B7}.Release|Any CPU.ActiveCfg = Release|Any CPU
		{AA2EC7D6-BAD1-430D-9623-A4F58B85F6B7}.Release|Any CPU.Build.0 = Release|Any CPU
	EndGlobalSection
	GlobalSection(SolutionProperties) = preSolution
		HideSolutionNode = FALSE
	EndGlobalSection
	GlobalSection(NestedProjects) = preSolution
		{3F230D37-B947-4CA0-919B-FC4D5B7ADE57} = {C07EA580-E53B-4C72-87D2-A6AB003A28DA}
		{3E1B5527-4894-49D3-925D-7B2E663DD25F} = {C07EA580-E53B-4C72-87D2-A6AB003A28DA}
		{D228B46D-9E47-4F10-A981-E7655CDAA621} = {C07EA580-E53B-4C72-87D2-A6AB003A28DA}
		{AA2EC7D6-BAD1-430D-9623-A4F58B85F6B7} = {4525A3BB-2891-4436-AE4C-B638C317ECD9}
	EndGlobalSection
	GlobalSection(ExtensibilityGlobals) = postSolution
		SolutionGuid = {A1542CB9-0925-49EC-A844-057B35F8CE6D}
	EndGlobalSection
EndGlobal
